
Microsoft Visual Studio Solution File, Format Version 12.00
# Visual Studio Version 16
VisualStudioVersion = 16.0.29613.14
MinimumVisualStudioVersion = 10.0.40219.1
Project("{FAE04EC0-301F-11D3-BF4B-00C04F79EFBC}") = "Omie.Api.Client", "Omie.Api.Client\Omie.Api.Client.csproj", "{DE13674E-2CED-493C-90E9-FA57CB4E0AF6}"
EndProject
Global
	GlobalSection(SolutionConfigurationPlatforms) = preSolution
		Debug|Any CPU = Debug|Any CPU
		Release|Any CPU = Release|Any CPU
	EndGlobalSection
	GlobalSection(ProjectConfigurationPlatforms) = postSolution
		{DE13674E-2CED-493C-90E9-FA57CB4E0AF6}.Debug|Any CPU.ActiveCfg = Debug|Any CPU
		{DE13674E-2CED-493C-90E9-FA57CB4E0AF6}.Debug|Any CPU.Build.0 = Debug|Any CPU
		{DE13674E-2CED-493C-90E9-FA57CB4E0AF6}.Release|Any CPU.ActiveCfg = Release|Any CPU
		{DE13674E-2CED-493C-90E9-FA57CB4E0AF6}.Release|Any CPU.Build.0 = Release|Any CPU
	EndGlobalSection
	GlobalSection(SolutionProperties) = preSolution
		HideSolutionNode = FALSE
	EndGlobalSection
	GlobalSection(ExtensibilityGlobals) = postSolution
		SolutionGuid = {5816A4B3-DB70-4FE9-8C79-9DC57CBFC5C3}
	EndGlobalSection
EndGlobal
